
Microsoft Visual Studio Solution File, Format Version 12.00
# Visual Studio Version 17
VisualStudioVersion = 17.0.31903.59
MinimumVisualStudioVersion = 10.0.40219.1
Project("{FAE04EC0-301F-11D3-BF4B-00C04F79EFBC}") = "MainApp", "MainApp\MainApp.csproj", "{2107C1BB-A450-4B20-A3BB-88267AB44024}"
EndProject
Project("{FAE04EC0-301F-11D3-BF4B-00C04F79EFBC}") = "utils", "utils\utils.csproj", "{7D9FE56C-4804-4C17-B184-94DC833DBC10}"
EndProject
Project("{FAE04EC0-301F-11D3-BF4B-00C04F79EFBC}") = "tests", "tests\tests.csproj", "{DFA70043-A108-41DB-BD55-DBBFE5355146}"
EndProject
Project("{FAE04EC0-301F-11D3-BF4B-00C04F79EFBC}") = "core", "core\core.csproj", "{F9EE5B11-AB28-48BB-8E44-63F3E9C9F953}"
EndProject
Global
	GlobalSection(SolutionConfigurationPlatforms) = preSolution
		Debug|Any CPU = Debug|Any CPU
		Debug|x64 = Debug|x64
		Debug|x86 = Debug|x86
		Release|Any CPU = Release|Any CPU
		Release|x64 = Release|x64
		Release|x86 = Release|x86
	EndGlobalSection
	GlobalSection(ProjectConfigurationPlatforms) = postSolution
		{2107C1BB-A450-4B20-A3BB-88267AB44024}.Debug|Any CPU.ActiveCfg = Debug|Any CPU
		{2107C1BB-A450-4B20-A3BB-88267AB44024}.Debug|Any CPU.Build.0 = Debug|Any CPU
		{2107C1BB-A450-4B20-A3BB-88267AB44024}.Debug|x64.ActiveCfg = Debug|Any CPU
		{2107C1BB-A450-4B20-A3BB-88267AB44024}.Debug|x64.Build.0 = Debug|Any CPU
		{2107C1BB-A450-4B20-A3BB-88267AB44024}.Debug|x86.ActiveCfg = Debug|Any CPU
		{2107C1BB-A450-4B20-A3BB-88267AB44024}.Debug|x86.Build.0 = Debug|Any CPU
		{2107C1BB-A450-4B20-A3BB-88267AB44024}.Release|Any CPU.ActiveCfg = Release|Any CPU
		{2107C1BB-A450-4B20-A3BB-88267AB44024}.Release|Any CPU.Build.0 = Release|Any CPU
		{2107C1BB-A450-4B20-A3BB-88267AB44024}.Release|x64.ActiveCfg = Release|Any CPU
		{2107C1BB-A450-4B20-A3BB-88267AB44024}.Release|x64.Build.0 = Release|Any CPU
		{2107C1BB-A450-4B20-A3BB-88267AB44024}.Release|x86.ActiveCfg = Release|Any CPU
		{2107C1BB-A450-4B20-A3BB-88267AB44024}.Release|x86.Build.0 = Release|Any CPU
		{7D9FE56C-4804-4C17-B184-94DC833DBC10}.Debug|Any CPU.ActiveCfg = Debug|Any CPU
		{7D9FE56C-4804-4C17-B184-94DC833DBC10}.Debug|Any CPU.Build.0 = Debug|Any CPU
		{7D9FE56C-4804-4C17-B184-94DC833DBC10}.Debug|x64.ActiveCfg = Debug|Any CPU
		{7D9FE56C-4804-4C17-B184-94DC833DBC10}.Debug|x64.Build.0 = Debug|Any CPU
		{7D9FE56C-4804-4C17-B184-94DC833DBC10}.Debug|x86.ActiveCfg = Debug|Any CPU
		{7D9FE56C-4804-4C17-B184-94DC833DBC10}.Debug|x86.Build.0 = Debug|Any CPU
		{7D9FE56C-4804-4C17-B184-94DC833DBC10}.Release|Any CPU.ActiveCfg = Release|Any CPU
		{7D9FE56C-4804-4C17-B184-94DC833DBC10}.Release|Any CPU.Build.0 = Release|Any CPU
		{7D9FE56C-4804-4C17-B184-94DC833DBC10}.Release|x64.ActiveCfg = Release|Any CPU
		{7D9FE56C-4804-4C17-B184-94DC833DBC10}.Release|x64.Build.0 = Release|Any CPU
		{7D9FE56C-4804-4C17-B184-94DC833DBC10}.Release|x86.ActiveCfg = Release|Any CPU
		{7D9FE56C-4804-4C17-B184-94DC833DBC10}.Release|x86.Build.0 = Release|Any CPU
		{DFA70043-A108-41DB-BD55-DBBFE5355146}.Debug|Any CPU.ActiveCfg = Debug|Any CPU
		{DFA70043-A108-41DB-BD55-DBBFE5355146}.Debug|Any CPU.Build.0 = Debug|Any CPU
		{DFA70043-A108-41DB-BD55-DBBFE5355146}.Debug|x64.ActiveCfg = Debug|Any CPU
		{DFA70043-A108-41DB-BD55-DBBFE5355146}.Debug|x64.Build.0 = Debug|Any CPU
		{DFA70043-A108-41DB-BD55-DBBFE5355146}.Debug|x86.ActiveCfg = Debug|Any CPU
		{DFA70043-A108-41DB-BD55-DBBFE5355146}.Debug|x86.Build.0 = Debug|Any CPU
		{DFA70043-A108-41DB-BD55-DBBFE5355146}.Release|Any CPU.ActiveCfg = Release|Any CPU
		{DFA70043-A108-41DB-BD55-DBBFE5355146}.Release|Any CPU.Build.0 = Release|Any CPU
		{DFA70043-A108-41DB-BD55-DBBFE5355146}.Release|x64.ActiveCfg = Release|Any CPU
		{DFA70043-A108-41DB-BD55-DBBFE5355146}.Release|x64.Build.0 = Release|Any CPU
		{DFA70043-A108-41DB-BD55-DBBFE5355146}.Release|x86.ActiveCfg = Release|Any CPU
		{DFA70043-A108-41DB-BD55-DBBFE5355146}.Release|x86.Build.0 = Release|Any CPU
		{F9EE5B11-AB28-48BB-8E44-63F3E9C9F953}.Debug|Any CPU.ActiveCfg = Debug|Any CPU
		{F9EE5B11-AB28-48BB-8E44-63F3E9C9F953}.Debug|Any CPU.Build.0 = Debug|Any CPU
		{F9EE5B11-AB28-48BB-8E44-63F3E9C9F953}.Debug|x64.ActiveCfg = Debug|Any CPU
		{F9EE5B11-AB28-48BB-8E44-63F3E9C9F953}.Debug|x64.Build.0 = Debug|Any CPU
		{F9EE5B11-AB28-48BB-8E44-63F3E9C9F953}.Debug|x86.ActiveCfg = Debug|Any CPU
		{F9EE5B11-AB28-48BB-8E44-63F3E9C9F953}.Debug|x86.Build.0 = Debug|Any CPU
		{F9EE5B11-AB28-48BB-8E44-63F3E9C9F953}.Release|Any CPU.ActiveCfg = Release|Any CPU
		{F9EE5B11-AB28-48BB-8E44-63F3E9C9F953}.Release|Any CPU.Build.0 = Release|Any CPU
		{F9EE5B11-AB28-48BB-8E44-63F3E9C9F953}.Release|x64.ActiveCfg = Release|Any CPU
		{F9EE5B11-AB28-48BB-8E44-63F3E9C9F953}.Release|x64.Build.0 = Release|Any CPU
		{F9EE5B11-AB28-48BB-8E44-63F3E9C9F953}.Release|x86.ActiveCfg = Release|Any CPU
		{F9EE5B11-AB28-48BB-8E44-63F3E9C9F953}.Release|x86.Build.0 = Release|Any CPU
	EndGlobalSection
	GlobalSection(SolutionProperties) = preSolution
		HideSolutionNode = FALSE
	EndGlobalSection
EndGlobal
